
Microsoft Visual Studio Solution File, Format Version 12.00
# Visual Studio Version 17
VisualStudioVersion = 17.2.32616.157
MinimumVisualStudioVersion = 10.0.40219.1
Project("{9A19103F-16F7-4668-BE54-9A1E7A4F7556}") = "WebRtcNet", "WebRtcNet\WebRtcNet.csproj", "{83740B9A-9962-483D-9695-3EA5422F384A}"
EndProject
Project("{9A19103F-16F7-4668-BE54-9A1E7A4F7556}") = "WebRtcNet.Api", "WebRtcNet.Api\WebRtcNet.Api.csproj", "{98433217-C99B-4B08-A19B-3F97A1F1E633}"
EndProject
Project("{9A19103F-16F7-4668-BE54-9A1E7A4F7556}") = "WebRtcNet.Api.UnitTests", "WebRtcNet.Api.UnitTests\WebRtcNet.Api.UnitTests.csproj", "{B85FEEC4-44DC-460A-9228-E86F3B9EDEAB}"
EndProject
Project("{8BC9CEB8-8B4A-11D0-8D11-00A0C91BC942}") = "WebRtcInterop.Shared", "WebRtcInterop\WebRtcInterop.Shared.vcxitems", "{FAC2E2BF-5A09-428F-A224-1CE7A160A2D1}"
EndProject
Project("{8BC9CEB8-8B4A-11D0-8D11-00A0C91BC942}") = "WebRtcInterop.Core", "WebRtcInterop\WebRtcInterop.Core.vcxproj", "{F259D9C3-8B07-4B62-A9B8-F0836178BC58}"
EndProject
Project("{8BC9CEB8-8B4A-11D0-8D11-00A0C91BC942}") = "WebRtcInterop.Framework", "WebRtcInterop\WebRtcInterop.Framework.vcxproj", "{26F36298-7F6A-4BD1-893B-2572BA180259}"
EndProject
Project("{8BC9CEB8-8B4A-11D0-8D11-00A0C91BC942}") = "WebRtcInterop.UnitTests", "WebRtcInterop.UnitTests\WebRtcInterop.UnitTests.vcxproj", "{5CFB4D3D-2E45-4A55-91CA-E45B7DB34BF7}"
EndProject
Project("{2150E333-8FDC-42A3-9474-1A3956D46DE8}") = "third_party", "third_party", "{740DC5DA-39B3-4B8D-A9FD-FE20D417C8C7}"
EndProject
Project("{2150E333-8FDC-42A3-9474-1A3956D46DE8}") = "Interop", "Interop", "{88C5DECA-6228-4DBC-866C-A84BA97AD890}"
EndProject
Project("{8BC9CEB8-8B4A-11D0-8D11-00A0C91BC942}") = "googletest", "third-party\shared-items\googletest\googletest.vcxitems", "{357B6B66-AB73-41CD-9271-1B4E5C41DDE1}"
EndProject
Global
	GlobalSection(SolutionConfigurationPlatforms) = preSolution
		Debug|Any CPU = Debug|Any CPU
		Debug|ARM = Debug|ARM
		Debug|x64 = Debug|x64
		Debug|x86 = Debug|x86
		GN|Any CPU = GN|Any CPU
		GN|ARM = GN|ARM
		GN|x64 = GN|x64
		GN|x86 = GN|x86
		Release|Any CPU = Release|Any CPU
		Release|ARM = Release|ARM
		Release|x64 = Release|x64
		Release|x86 = Release|x86
	EndGlobalSection
	GlobalSection(ProjectConfigurationPlatforms) = postSolution
		{83740B9A-9962-483D-9695-3EA5422F384A}.Debug|Any CPU.ActiveCfg = Debug|Any CPU
		{83740B9A-9962-483D-9695-3EA5422F384A}.Debug|Any CPU.Build.0 = Debug|Any CPU
		{83740B9A-9962-483D-9695-3EA5422F384A}.Debug|ARM.ActiveCfg = Debug - .Net Core|Any CPU
		{83740B9A-9962-483D-9695-3EA5422F384A}.Debug|ARM.Build.0 = Debug - .Net Core|Any CPU
		{83740B9A-9962-483D-9695-3EA5422F384A}.Debug|x64.ActiveCfg = Debug|x64
		{83740B9A-9962-483D-9695-3EA5422F384A}.Debug|x64.Build.0 = Debug|x64
		{83740B9A-9962-483D-9695-3EA5422F384A}.Debug|x86.ActiveCfg = Debug|x86
		{83740B9A-9962-483D-9695-3EA5422F384A}.Debug|x86.Build.0 = Debug|x86
		{83740B9A-9962-483D-9695-3EA5422F384A}.GN|Any CPU.ActiveCfg = Release|Any CPU
		{83740B9A-9962-483D-9695-3EA5422F384A}.GN|Any CPU.Build.0 = Release|Any CPU
		{83740B9A-9962-483D-9695-3EA5422F384A}.GN|ARM.ActiveCfg = Release|Any CPU
		{83740B9A-9962-483D-9695-3EA5422F384A}.GN|ARM.Build.0 = Release|Any CPU
		{83740B9A-9962-483D-9695-3EA5422F384A}.GN|x64.ActiveCfg = Release|Any CPU
		{83740B9A-9962-483D-9695-3EA5422F384A}.GN|x64.Build.0 = Release|Any CPU
		{83740B9A-9962-483D-9695-3EA5422F384A}.GN|x86.ActiveCfg = Release|Any CPU
		{83740B9A-9962-483D-9695-3EA5422F384A}.GN|x86.Build.0 = Release|Any CPU
		{83740B9A-9962-483D-9695-3EA5422F384A}.Release|Any CPU.ActiveCfg = Release|Any CPU
		{83740B9A-9962-483D-9695-3EA5422F384A}.Release|Any CPU.Build.0 = Release|Any CPU
		{83740B9A-9962-483D-9695-3EA5422F384A}.Release|ARM.ActiveCfg = Release|Any CPU
		{83740B9A-9962-483D-9695-3EA5422F384A}.Release|x64.ActiveCfg = Release|Any CPU
		{83740B9A-9962-483D-9695-3EA5422F384A}.Release|x64.Build.0 = Release|Any CPU
		{83740B9A-9962-483D-9695-3EA5422F384A}.Release|x86.ActiveCfg = Release|Any CPU
		{83740B9A-9962-483D-9695-3EA5422F384A}.Release|x86.Build.0 = Release|Any CPU
		{98433217-C99B-4B08-A19B-3F97A1F1E633}.Debug|Any CPU.ActiveCfg = Debug|Any CPU
		{98433217-C99B-4B08-A19B-3F97A1F1E633}.Debug|Any CPU.Build.0 = Debug|Any CPU
		{98433217-C99B-4B08-A19B-3F97A1F1E633}.Debug|ARM.ActiveCfg = Debug - .Net Core|Any CPU
		{98433217-C99B-4B08-A19B-3F97A1F1E633}.Debug|ARM.Build.0 = Debug - .Net Core|Any CPU
		{98433217-C99B-4B08-A19B-3F97A1F1E633}.Debug|x64.ActiveCfg = Debug|Any CPU
		{98433217-C99B-4B08-A19B-3F97A1F1E633}.Debug|x64.Build.0 = Debug|Any CPU
		{98433217-C99B-4B08-A19B-3F97A1F1E633}.Debug|x86.ActiveCfg = Debug|Any CPU
		{98433217-C99B-4B08-A19B-3F97A1F1E633}.Debug|x86.Build.0 = Debug|Any CPU
		{98433217-C99B-4B08-A19B-3F97A1F1E633}.GN|Any CPU.ActiveCfg = Release|Any CPU
		{98433217-C99B-4B08-A19B-3F97A1F1E633}.GN|Any CPU.Build.0 = Release|Any CPU
		{98433217-C99B-4B08-A19B-3F97A1F1E633}.GN|ARM.ActiveCfg = Release|Any CPU
		{98433217-C99B-4B08-A19B-3F97A1F1E633}.GN|ARM.Build.0 = Release|Any CPU
		{98433217-C99B-4B08-A19B-3F97A1F1E633}.GN|x64.ActiveCfg = Release|Any CPU
		{98433217-C99B-4B08-A19B-3F97A1F1E633}.GN|x64.Build.0 = Release|Any CPU
		{98433217-C99B-4B08-A19B-3F97A1F1E633}.GN|x86.ActiveCfg = Release|Any CPU
		{98433217-C99B-4B08-A19B-3F97A1F1E633}.GN|x86.Build.0 = Release|Any CPU
		{98433217-C99B-4B08-A19B-3F97A1F1E633}.Release|Any CPU.ActiveCfg = Release|Any CPU
		{98433217-C99B-4B08-A19B-3F97A1F1E633}.Release|Any CPU.Build.0 = Release|Any CPU
		{98433217-C99B-4B08-A19B-3F97A1F1E633}.Release|ARM.ActiveCfg = Release|Any CPU
		{98433217-C99B-4B08-A19B-3F97A1F1E633}.Release|x64.ActiveCfg = Release|Any CPU
		{98433217-C99B-4B08-A19B-3F97A1F1E633}.Release|x64.Build.0 = Release|Any CPU
		{98433217-C99B-4B08-A19B-3F97A1F1E633}.Release|x86.ActiveCfg = Release|Any CPU
		{98433217-C99B-4B08-A19B-3F97A1F1E633}.Release|x86.Build.0 = Release|Any CPU
		{B85FEEC4-44DC-460A-9228-E86F3B9EDEAB}.Debug|Any CPU.ActiveCfg = Debug|Any CPU
		{B85FEEC4-44DC-460A-9228-E86F3B9EDEAB}.Debug|Any CPU.Build.0 = Debug|Any CPU
		{B85FEEC4-44DC-460A-9228-E86F3B9EDEAB}.Debug|ARM.ActiveCfg = Debug|Any CPU
		{B85FEEC4-44DC-460A-9228-E86F3B9EDEAB}.Debug|ARM.Build.0 = Debug|Any CPU
		{B85FEEC4-44DC-460A-9228-E86F3B9EDEAB}.Debug|x64.ActiveCfg = Debug|Any CPU
		{B85FEEC4-44DC-460A-9228-E86F3B9EDEAB}.Debug|x64.Build.0 = Debug|Any CPU
		{B85FEEC4-44DC-460A-9228-E86F3B9EDEAB}.Debug|x86.ActiveCfg = Debug|Any CPU
		{B85FEEC4-44DC-460A-9228-E86F3B9EDEAB}.Debug|x86.Build.0 = Debug|Any CPU
		{B85FEEC4-44DC-460A-9228-E86F3B9EDEAB}.GN|Any CPU.ActiveCfg = Release|Any CPU
		{B85FEEC4-44DC-460A-9228-E86F3B9EDEAB}.GN|Any CPU.Build.0 = Release|Any CPU
		{B85FEEC4-44DC-460A-9228-E86F3B9EDEAB}.GN|ARM.ActiveCfg = Release|Any CPU
		{B85FEEC4-44DC-460A-9228-E86F3B9EDEAB}.GN|ARM.Build.0 = Release|Any CPU
		{B85FEEC4-44DC-460A-9228-E86F3B9EDEAB}.GN|x64.ActiveCfg = Release|Any CPU
		{B85FEEC4-44DC-460A-9228-E86F3B9EDEAB}.GN|x64.Build.0 = Release|Any CPU
		{B85FEEC4-44DC-460A-9228-E86F3B9EDEAB}.GN|x86.ActiveCfg = Release|Any CPU
		{B85FEEC4-44DC-460A-9228-E86F3B9EDEAB}.GN|x86.Build.0 = Release|Any CPU
		{B85FEEC4-44DC-460A-9228-E86F3B9EDEAB}.Release|Any CPU.ActiveCfg = Release|Any CPU
		{B85FEEC4-44DC-460A-9228-E86F3B9EDEAB}.Release|Any CPU.Build.0 = Release|Any CPU
		{B85FEEC4-44DC-460A-9228-E86F3B9EDEAB}.Release|ARM.ActiveCfg = Release|Any CPU
		{B85FEEC4-44DC-460A-9228-E86F3B9EDEAB}.Release|x64.ActiveCfg = Release|Any CPU
		{B85FEEC4-44DC-460A-9228-E86F3B9EDEAB}.Release|x64.Build.0 = Release|Any CPU
		{B85FEEC4-44DC-460A-9228-E86F3B9EDEAB}.Release|x86.ActiveCfg = Release|Any CPU
		{B85FEEC4-44DC-460A-9228-E86F3B9EDEAB}.Release|x86.Build.0 = Release|Any CPU
		{F259D9C3-8B07-4B62-A9B8-F0836178BC58}.Debug|Any CPU.ActiveCfg = Debug|Win32
		{F259D9C3-8B07-4B62-A9B8-F0836178BC58}.Debug|Any CPU.Build.0 = Debug|Win32
		{F259D9C3-8B07-4B62-A9B8-F0836178BC58}.Debug|ARM.ActiveCfg = Debug|x64
		{F259D9C3-8B07-4B62-A9B8-F0836178BC58}.Debug|ARM.Build.0 = Debug|x64
		{F259D9C3-8B07-4B62-A9B8-F0836178BC58}.Debug|x64.ActiveCfg = Debug|x64
		{F259D9C3-8B07-4B62-A9B8-F0836178BC58}.Debug|x64.Build.0 = Debug|x64
		{F259D9C3-8B07-4B62-A9B8-F0836178BC58}.Debug|x86.ActiveCfg = Debug|Win32
		{F259D9C3-8B07-4B62-A9B8-F0836178BC58}.Debug|x86.Build.0 = Debug|Win32
		{F259D9C3-8B07-4B62-A9B8-F0836178BC58}.GN|Any CPU.ActiveCfg = Debug|x64
		{F259D9C3-8B07-4B62-A9B8-F0836178BC58}.GN|Any CPU.Build.0 = Debug|x64
		{F259D9C3-8B07-4B62-A9B8-F0836178BC58}.GN|ARM.ActiveCfg = Debug|x64
		{F259D9C3-8B07-4B62-A9B8-F0836178BC58}.GN|ARM.Build.0 = Debug|x64
		{F259D9C3-8B07-4B62-A9B8-F0836178BC58}.GN|x64.ActiveCfg = Debug|x64
		{F259D9C3-8B07-4B62-A9B8-F0836178BC58}.GN|x64.Build.0 = Debug|x64
		{F259D9C3-8B07-4B62-A9B8-F0836178BC58}.GN|x86.ActiveCfg = Debug|Win32
		{F259D9C3-8B07-4B62-A9B8-F0836178BC58}.GN|x86.Build.0 = Debug|Win32
		{F259D9C3-8B07-4B62-A9B8-F0836178BC58}.Release|Any CPU.ActiveCfg = Release|x64
		{F259D9C3-8B07-4B62-A9B8-F0836178BC58}.Release|Any CPU.Build.0 = Release|x64
		{F259D9C3-8B07-4B62-A9B8-F0836178BC58}.Release|ARM.ActiveCfg = Release|x64
		{F259D9C3-8B07-4B62-A9B8-F0836178BC58}.Release|ARM.Build.0 = Release|x64
		{F259D9C3-8B07-4B62-A9B8-F0836178BC58}.Release|x64.ActiveCfg = Release|x64
		{F259D9C3-8B07-4B62-A9B8-F0836178BC58}.Release|x64.Build.0 = Release|x64
		{F259D9C3-8B07-4B62-A9B8-F0836178BC58}.Release|x86.ActiveCfg = Release|Win32
		{F259D9C3-8B07-4B62-A9B8-F0836178BC58}.Release|x86.Build.0 = Release|Win32
		{26F36298-7F6A-4BD1-893B-2572BA180259}.Debug|Any CPU.ActiveCfg = Debug|Win32
		{26F36298-7F6A-4BD1-893B-2572BA180259}.Debug|Any CPU.Build.0 = Debug|Win32
		{26F36298-7F6A-4BD1-893B-2572BA180259}.Debug|ARM.ActiveCfg = Debug|x64
		{26F36298-7F6A-4BD1-893B-2572BA180259}.Debug|ARM.Build.0 = Debug|x64
		{26F36298-7F6A-4BD1-893B-2572BA180259}.Debug|x64.ActiveCfg = Debug|x64
		{26F36298-7F6A-4BD1-893B-2572BA180259}.Debug|x64.Build.0 = Debug|x64
		{26F36298-7F6A-4BD1-893B-2572BA180259}.Debug|x86.ActiveCfg = Debug|Win32
		{26F36298-7F6A-4BD1-893B-2572BA180259}.Debug|x86.Build.0 = Debug|Win32
		{26F36298-7F6A-4BD1-893B-2572BA180259}.GN|Any CPU.ActiveCfg = Release|Win32
		{26F36298-7F6A-4BD1-893B-2572BA180259}.GN|Any CPU.Build.0 = Release|Win32
		{26F36298-7F6A-4BD1-893B-2572BA180259}.GN|ARM.ActiveCfg = Release|x64
		{26F36298-7F6A-4BD1-893B-2572BA180259}.GN|ARM.Build.0 = Release|x64
		{26F36298-7F6A-4BD1-893B-2572BA180259}.GN|x64.ActiveCfg = Release|x64
		{26F36298-7F6A-4BD1-893B-2572BA180259}.GN|x64.Build.0 = Release|x64
		{26F36298-7F6A-4BD1-893B-2572BA180259}.GN|x86.ActiveCfg = Release|Win32
		{26F36298-7F6A-4BD1-893B-2572BA180259}.GN|x86.Build.0 = Release|Win32
		{26F36298-7F6A-4BD1-893B-2572BA180259}.Release|Any CPU.ActiveCfg = Release|Win32
		{26F36298-7F6A-4BD1-893B-2572BA180259}.Release|Any CPU.Build.0 = Release|Win32
		{26F36298-7F6A-4BD1-893B-2572BA180259}.Release|ARM.ActiveCfg = Release|x64
		{26F36298-7F6A-4BD1-893B-2572BA180259}.Release|x64.ActiveCfg = Release|x64
		{26F36298-7F6A-4BD1-893B-2572BA180259}.Release|x64.Build.0 = Release|x64
		{26F36298-7F6A-4BD1-893B-2572BA180259}.Release|x86.ActiveCfg = Release|Win32
		{26F36298-7F6A-4BD1-893B-2572BA180259}.Release|x86.Build.0 = Release|Win32
		{5CFB4D3D-2E45-4A55-91CA-E45B7DB34BF7}.Debug|Any CPU.ActiveCfg = Debug|Win32
		{5CFB4D3D-2E45-4A55-91CA-E45B7DB34BF7}.Debug|Any CPU.Build.0 = Debug|Win32
		{5CFB4D3D-2E45-4A55-91CA-E45B7DB34BF7}.Debug|ARM.ActiveCfg = Debug|x64
		{5CFB4D3D-2E45-4A55-91CA-E45B7DB34BF7}.Debug|ARM.Build.0 = Debug|x64
		{5CFB4D3D-2E45-4A55-91CA-E45B7DB34BF7}.Debug|x64.ActiveCfg = Debug|x64
		{5CFB4D3D-2E45-4A55-91CA-E45B7DB34BF7}.Debug|x64.Build.0 = Debug|x64
		{5CFB4D3D-2E45-4A55-91CA-E45B7DB34BF7}.Debug|x86.ActiveCfg = Debug|Win32
		{5CFB4D3D-2E45-4A55-91CA-E45B7DB34BF7}.Debug|x86.Build.0 = Debug|Win32
		{5CFB4D3D-2E45-4A55-91CA-E45B7DB34BF7}.GN|Any CPU.ActiveCfg = Release|Win32
		{5CFB4D3D-2E45-4A55-91CA-E45B7DB34BF7}.GN|Any CPU.Build.0 = Release|Win32
		{5CFB4D3D-2E45-4A55-91CA-E45B7DB34BF7}.GN|ARM.ActiveCfg = Release|x64
		{5CFB4D3D-2E45-4A55-91CA-E45B7DB34BF7}.GN|ARM.Build.0 = Release|x64
		{5CFB4D3D-2E45-4A55-91CA-E45B7DB34BF7}.GN|x64.ActiveCfg = Release|x64
		{5CFB4D3D-2E45-4A55-91CA-E45B7DB34BF7}.GN|x64.Build.0 = Release|x64
		{5CFB4D3D-2E45-4A55-91CA-E45B7DB34BF7}.GN|x86.ActiveCfg = Release|Win32
		{5CFB4D3D-2E45-4A55-91CA-E45B7DB34BF7}.GN|x86.Build.0 = Release|Win32
		{5CFB4D3D-2E45-4A55-91CA-E45B7DB34BF7}.Release|Any CPU.ActiveCfg = Release|Win32
		{5CFB4D3D-2E45-4A55-91CA-E45B7DB34BF7}.Release|Any CPU.Build.0 = Release|Win32
		{5CFB4D3D-2E45-4A55-91CA-E45B7DB34BF7}.Release|ARM.ActiveCfg = Release|x64
		{5CFB4D3D-2E45-4A55-91CA-E45B7DB34BF7}.Release|x64.ActiveCfg = Release|x64
		{5CFB4D3D-2E45-4A55-91CA-E45B7DB34BF7}.Release|x64.Build.0 = Release|x64
		{5CFB4D3D-2E45-4A55-91CA-E45B7DB34BF7}.Release|x86.ActiveCfg = Release|Win32
		{5CFB4D3D-2E45-4A55-91CA-E45B7DB34BF7}.Release|x86.Build.0 = Release|Win32
	EndGlobalSection
	GlobalSection(SolutionProperties) = preSolution
		HideSolutionNode = FALSE
	EndGlobalSection
	GlobalSection(NestedProjects) = preSolution
		{FAC2E2BF-5A09-428F-A224-1CE7A160A2D1} = {88C5DECA-6228-4DBC-866C-A84BA97AD890}
		{F259D9C3-8B07-4B62-A9B8-F0836178BC58} = {88C5DECA-6228-4DBC-866C-A84BA97AD890}
		{26F36298-7F6A-4BD1-893B-2572BA180259} = {88C5DECA-6228-4DBC-866C-A84BA97AD890}
		{5CFB4D3D-2E45-4A55-91CA-E45B7DB34BF7} = {88C5DECA-6228-4DBC-866C-A84BA97AD890}
		{357B6B66-AB73-41CD-9271-1B4E5C41DDE1} = {740DC5DA-39B3-4B8D-A9FD-FE20D417C8C7}
	EndGlobalSection
	GlobalSection(ExtensibilityGlobals) = postSolution
		SolutionGuid = {68A0D453-2FA4-4504-B76F-EBC0BF4C05A0}
	EndGlobalSection
	GlobalSection(SharedMSBuildProjectFiles) = preSolution
		WebRtcInterop\WebRtcInterop.Shared.vcxitems*{26f36298-7f6a-4bd1-893b-2572ba180259}*SharedItemsImports = 4
		third-party\shared-items\googletest\googletest.vcxitems*{357b6b66-ab73-41cd-9271-1b4e5c41dde1}*SharedItemsImports = 9
		third-party\shared-items\googletest\googletest.vcxitems*{5cfb4d3d-2e45-4a55-91ca-e45b7db34bf7}*SharedItemsImports = 4
		WebRtcInterop\WebRtcInterop.Shared.vcxitems*{f259d9c3-8b07-4b62-a9b8-f0836178bc58}*SharedItemsImports = 4
		WebRtcInterop\WebRtcInterop.Shared.vcxitems*{fac2e2bf-5a09-428f-a224-1ce7a160a2d1}*SharedItemsImports = 9
	EndGlobalSection
EndGlobal
