<Solution>
  <Configurations>
    <Platform Name="ARM64" />
    <Platform Name="x64" />
    <Platform Name="x86" />
  </Configurations>
  <Folder Name="/Build/">
    <File Path="docker/Dockerfile.webrtc-toolchain" />
    <File Path="docker/Dockerfile.webrtc-sync" />
    <File Path="docker/Dockerfile.webrtc-build" />
    <File Path="docker/Dockerfile.webrtc" />
    <File Path="docker/Dockerfile.webrtcnet" />
  </Folder>
  <Folder Name="/Build/docker/">
    <File Path="docker/build-images.ps1" />
    <File Path="docker/build-webrtc.ps1" />
    <File Path="docker/build-webrtcnet.ps1" />
  </Folder>
  <Folder Name="/Interop/">
    <Project Path="WebRtcInterop.UnitTests/WebRtcInterop.UnitTests.vcxproj" Id="5cfb4d3d-2e45-4a55-91ca-e45b7db34bf7" />
    <Project Path="WebRtcInterop/WebRtcInterop.Core.vcxproj" Id="f259d9c3-8b07-4b62-a9b8-f0836178bc58" />
    <Project Path="WebRtcInterop/WebRtcInterop.Framework.vcxproj" Id="26f36298-7f6a-4bd1-893b-2572ba180259" />
    <Project Path="WebRtcInterop/WebRtcInterop.Shared.vcxitems" Id="fac2e2bf-5a09-428f-a224-1ce7a160a2d1" />
  </Folder>
  <Folder Name="/third_party/">
    <Project Path="third-party/shared-items/googletest/googletest.vcxitems" Id="357b6b66-ab73-41cd-9271-1b4e5c41dde1" />
  </Folder>
  <Folder Name="/Examples/">
    <Project Path="examples/BasicVideoChat/BasicVideoChat.csproj" Id="ce07d5b9-b81d-4834-a99b-6917ae0b5982">
      <Platform Solution="*|ARM64" Project="ARM64" />
      <Platform Solution="*|x64" Project="x64" />
      <Platform Solution="*|x86" Project="x86" />
    </Project>
  </Folder>
  <Project Path="WebRtcNet.Api.UnitTests/WebRtcNet.Api.UnitTests.csproj">
    <Platform Solution="*|ARM64" Project="ARM64" />
    <Platform Solution="*|x64" Project="x64" />
    <Platform Solution="*|x86" Project="x86" />
  </Project>
  <Project Path="WebRtcNet.Api/WebRtcNet.Api.csproj">
    <Platform Solution="*|ARM64" Project="ARM64" />
    <Platform Solution="*|x64" Project="x64" />
    <Platform Solution="*|x86" Project="x86" />
  </Project>
  <Project Path="WebRtcNet/WebRtcNet.csproj">
    <Platform Solution="*|ARM64" Project="ARM64" />
    <Platform Solution="*|x64" Project="x64" />
    <Platform Solution="*|x86" Project="x86" />
  </Project>
</Solution>
