
Microsoft Visual Studio Solution File, Format Version 12.00
# Visual Studio 14
VisualStudioVersion = 14.0.24720.0
MinimumVisualStudioVersion = 10.0.40219.1
Project("{8BC9CEB8-8B4A-11D0-8D11-00A0C91BC942}") = "WebRtcInterop", "WebRtcInterop\WebRtcInterop.vcxproj", "{F6828C3E-8642-4A31-BBE6-B7AD5387F3FE}"
EndProject
Project("{FAE04EC0-301F-11D3-BF4B-00C04F79EFBC}") = "WebRtcNet", "WebRtcNet\WebRtcNet.csproj", "{98433217-C99B-4B08-A19B-3F97A1F1E633}"
EndProject
Project("{8BC9CEB8-8B4A-11D0-8D11-00A0C91BC942}") = "WebRtcInterop.UnitTests.Native", "WebRtcInterop\UnitTests\Native\WebRtcInterop.UnitTests.Native.vcxproj", "{67A442A5-181A-4BF8-9F11-060B47B256B7}"
EndProject
Project("{FAE04EC0-301F-11D3-BF4B-00C04F79EFBC}") = "WebRtcInterop.UnitTests.Managed", "WebRtcInterop\UnitTests\Managed\WebRtcInterop.UnitTests.Managed.csproj", "{067456C0-086C-46A8-B37F-1405717B7BFC}"
EndProject
Project("{FAE04EC0-301F-11D3-BF4B-00C04F79EFBC}") = "WebRtcNet.UnitTests", "WebRtcNet\UnitTests\WebRtcNet.UnitTests.csproj", "{54BCF14F-4D80-4BFC-B51C-B67DF6DE2E0D}"
EndProject
Global
	GlobalSection(SolutionConfigurationPlatforms) = preSolution
		Debug|Any CPU = Debug|Any CPU
		Debug|ARM = Debug|ARM
		Debug|x64 = Debug|x64
		Debug|x86 = Debug|x86
		Release|Any CPU = Release|Any CPU
		Release|ARM = Release|ARM
		Release|x64 = Release|x64
		Release|x86 = Release|x86
	EndGlobalSection
	GlobalSection(ProjectConfigurationPlatforms) = postSolution
		{F6828C3E-8642-4A31-BBE6-B7AD5387F3FE}.Debug|Any CPU.ActiveCfg = Debug|Win32
		{F6828C3E-8642-4A31-BBE6-B7AD5387F3FE}.Debug|ARM.ActiveCfg = Debug|Win32
		{F6828C3E-8642-4A31-BBE6-B7AD5387F3FE}.Debug|x64.ActiveCfg = Debug|x64
		{F6828C3E-8642-4A31-BBE6-B7AD5387F3FE}.Debug|x64.Build.0 = Debug|x64
		{F6828C3E-8642-4A31-BBE6-B7AD5387F3FE}.Debug|x86.ActiveCfg = Debug|Win32
		{F6828C3E-8642-4A31-BBE6-B7AD5387F3FE}.Debug|x86.Build.0 = Debug|Win32
		{F6828C3E-8642-4A31-BBE6-B7AD5387F3FE}.Release|Any CPU.ActiveCfg = Release|Win32
		{F6828C3E-8642-4A31-BBE6-B7AD5387F3FE}.Release|ARM.ActiveCfg = Release|Win32
		{F6828C3E-8642-4A31-BBE6-B7AD5387F3FE}.Release|x64.ActiveCfg = Release|x64
		{F6828C3E-8642-4A31-BBE6-B7AD5387F3FE}.Release|x64.Build.0 = Release|x64
		{F6828C3E-8642-4A31-BBE6-B7AD5387F3FE}.Release|x86.ActiveCfg = Release|Win32
		{F6828C3E-8642-4A31-BBE6-B7AD5387F3FE}.Release|x86.Build.0 = Release|Win32
		{98433217-C99B-4B08-A19B-3F97A1F1E633}.Debug|Any CPU.ActiveCfg = Debug|Any CPU
		{98433217-C99B-4B08-A19B-3F97A1F1E633}.Debug|Any CPU.Build.0 = Debug|Any CPU
		{98433217-C99B-4B08-A19B-3F97A1F1E633}.Debug|ARM.ActiveCfg = Debug|Any CPU
		{98433217-C99B-4B08-A19B-3F97A1F1E633}.Debug|ARM.Build.0 = Debug|Any CPU
		{98433217-C99B-4B08-A19B-3F97A1F1E633}.Debug|x64.ActiveCfg = Debug|Any CPU
		{98433217-C99B-4B08-A19B-3F97A1F1E633}.Debug|x64.Build.0 = Debug|Any CPU
		{98433217-C99B-4B08-A19B-3F97A1F1E633}.Debug|x86.ActiveCfg = Debug|Any CPU
		{98433217-C99B-4B08-A19B-3F97A1F1E633}.Debug|x86.Build.0 = Debug|Any CPU
		{98433217-C99B-4B08-A19B-3F97A1F1E633}.Release|Any CPU.ActiveCfg = Release|Any CPU
		{98433217-C99B-4B08-A19B-3F97A1F1E633}.Release|Any CPU.Build.0 = Release|Any CPU
		{98433217-C99B-4B08-A19B-3F97A1F1E633}.Release|ARM.ActiveCfg = Release|Any CPU
		{98433217-C99B-4B08-A19B-3F97A1F1E633}.Release|ARM.Build.0 = Release|Any CPU
		{98433217-C99B-4B08-A19B-3F97A1F1E633}.Release|x64.ActiveCfg = Release|Any CPU
		{98433217-C99B-4B08-A19B-3F97A1F1E633}.Release|x64.Build.0 = Release|Any CPU
		{98433217-C99B-4B08-A19B-3F97A1F1E633}.Release|x86.ActiveCfg = Release|Any CPU
		{98433217-C99B-4B08-A19B-3F97A1F1E633}.Release|x86.Build.0 = Release|Any CPU
		{67A442A5-181A-4BF8-9F11-060B47B256B7}.Debug|Any CPU.ActiveCfg = Debug|Win32
		{67A442A5-181A-4BF8-9F11-060B47B256B7}.Debug|ARM.ActiveCfg = Debug|Win32
		{67A442A5-181A-4BF8-9F11-060B47B256B7}.Debug|x64.ActiveCfg = Debug|x64
		{67A442A5-181A-4BF8-9F11-060B47B256B7}.Debug|x64.Build.0 = Debug|x64
		{67A442A5-181A-4BF8-9F11-060B47B256B7}.Debug|x86.ActiveCfg = Debug|Win32
		{67A442A5-181A-4BF8-9F11-060B47B256B7}.Debug|x86.Build.0 = Debug|Win32
		{67A442A5-181A-4BF8-9F11-060B47B256B7}.Release|Any CPU.ActiveCfg = Release|Win32
		{67A442A5-181A-4BF8-9F11-060B47B256B7}.Release|ARM.ActiveCfg = Release|Win32
		{67A442A5-181A-4BF8-9F11-060B47B256B7}.Release|x64.ActiveCfg = Release|x64
		{67A442A5-181A-4BF8-9F11-060B47B256B7}.Release|x64.Build.0 = Release|x64
		{67A442A5-181A-4BF8-9F11-060B47B256B7}.Release|x86.ActiveCfg = Release|Win32
		{67A442A5-181A-4BF8-9F11-060B47B256B7}.Release|x86.Build.0 = Release|Win32
		{067456C0-086C-46A8-B37F-1405717B7BFC}.Debug|Any CPU.ActiveCfg = Debug|x86
		{067456C0-086C-46A8-B37F-1405717B7BFC}.Debug|ARM.ActiveCfg = Debug|x86
		{067456C0-086C-46A8-B37F-1405717B7BFC}.Debug|x64.ActiveCfg = Debug|x64
		{067456C0-086C-46A8-B37F-1405717B7BFC}.Debug|x64.Build.0 = Debug|x64
		{067456C0-086C-46A8-B37F-1405717B7BFC}.Debug|x86.ActiveCfg = Debug|x86
		{067456C0-086C-46A8-B37F-1405717B7BFC}.Debug|x86.Build.0 = Debug|x86
		{067456C0-086C-46A8-B37F-1405717B7BFC}.Release|Any CPU.ActiveCfg = Release|x86
		{067456C0-086C-46A8-B37F-1405717B7BFC}.Release|ARM.ActiveCfg = Release|x86
		{067456C0-086C-46A8-B37F-1405717B7BFC}.Release|x64.ActiveCfg = Release|x64
		{067456C0-086C-46A8-B37F-1405717B7BFC}.Release|x64.Build.0 = Release|x64
		{067456C0-086C-46A8-B37F-1405717B7BFC}.Release|x86.ActiveCfg = Release|x86
		{067456C0-086C-46A8-B37F-1405717B7BFC}.Release|x86.Build.0 = Release|x86
		{54BCF14F-4D80-4BFC-B51C-B67DF6DE2E0D}.Debug|Any CPU.ActiveCfg = Debug|Any CPU
		{54BCF14F-4D80-4BFC-B51C-B67DF6DE2E0D}.Debug|Any CPU.Build.0 = Debug|Any CPU
		{54BCF14F-4D80-4BFC-B51C-B67DF6DE2E0D}.Debug|ARM.ActiveCfg = Debug|Any CPU
		{54BCF14F-4D80-4BFC-B51C-B67DF6DE2E0D}.Debug|ARM.Build.0 = Debug|Any CPU
		{54BCF14F-4D80-4BFC-B51C-B67DF6DE2E0D}.Debug|x64.ActiveCfg = Debug|Any CPU
		{54BCF14F-4D80-4BFC-B51C-B67DF6DE2E0D}.Debug|x64.Build.0 = Debug|Any CPU
		{54BCF14F-4D80-4BFC-B51C-B67DF6DE2E0D}.Debug|x86.ActiveCfg = Debug|Any CPU
		{54BCF14F-4D80-4BFC-B51C-B67DF6DE2E0D}.Debug|x86.Build.0 = Debug|Any CPU
		{54BCF14F-4D80-4BFC-B51C-B67DF6DE2E0D}.Release|Any CPU.ActiveCfg = Release|Any CPU
		{54BCF14F-4D80-4BFC-B51C-B67DF6DE2E0D}.Release|Any CPU.Build.0 = Release|Any CPU
		{54BCF14F-4D80-4BFC-B51C-B67DF6DE2E0D}.Release|ARM.ActiveCfg = Release|Any CPU
		{54BCF14F-4D80-4BFC-B51C-B67DF6DE2E0D}.Release|ARM.Build.0 = Release|Any CPU
		{54BCF14F-4D80-4BFC-B51C-B67DF6DE2E0D}.Release|x64.ActiveCfg = Release|Any CPU
		{54BCF14F-4D80-4BFC-B51C-B67DF6DE2E0D}.Release|x64.Build.0 = Release|Any CPU
		{54BCF14F-4D80-4BFC-B51C-B67DF6DE2E0D}.Release|x86.ActiveCfg = Release|Any CPU
		{54BCF14F-4D80-4BFC-B51C-B67DF6DE2E0D}.Release|x86.Build.0 = Release|Any CPU
	EndGlobalSection
	GlobalSection(SolutionProperties) = preSolution
		HideSolutionNode = FALSE
	EndGlobalSection
EndGlobal
