<?xml version="1.0" encoding="utf-8"?>
<Project ToolsVersion="4.0" xmlns="http://schemas.microsoft.com/developer/msbuild/2003">
  <ItemGroup>
    <Filter Include="Marshaling">
      <UniqueIdentifier>{0c0e95fa-ad47-4c7f-a95b-b4ada7c818de}</UniqueIdentifier>
    </Filter>
    <Filter Include="Media">
      <UniqueIdentifier>{5f68efd4-c4f7-4f22-96ae-aa07e1189705}</UniqueIdentifier>
    </Filter>
    <Filter Include="Media\Marshaling">
      <UniqueIdentifier>{4f64924a-c8b0-4e9a-a0f5-4f5f0622744a}</UniqueIdentifier>
    </Filter>
    <Filter Include="Observers">
      <UniqueIdentifier>{9ba0ba64-d5f2-4e0f-9f00-5a827edbb003}</UniqueIdentifier>
    </Filter>
    <Filter Include="Logging">
      <UniqueIdentifier>{f3d60c9c-5de3-4ff8-b8f3-1fb426952f45}</UniqueIdentifier>
    </Filter>
    <Filter Include="Logging\Marshaling">
      <UniqueIdentifier>{2df4c4f8-8774-4fee-8583-5b8d9a6ccb1b}</UniqueIdentifier>
    </Filter>
  </ItemGroup>
  <ItemGroup>
    <ClCompile Include="$(MSBuildThisFileDirectory)AssemblyInfo.cpp" />
    <ClCompile Include="$(MSBuildThisFileDirectory)Logging\InteropHResult.cpp">
      <Filter>Logging</Filter>
    </ClCompile>
    <ClCompile Include="$(MSBuildThisFileDirectory)pch.cpp" />
    <ClCompile Include="$(MSBuildThisFileDirectory)Media\MediaStream.cpp">
      <Filter>Media</Filter>
    </ClCompile>
    <ClCompile Include="$(MSBuildThisFileDirectory)Media\MediaStreamTrack.cpp">
      <Filter>Media</Filter>
    </ClCompile>
    <ClCompile Include="$(MSBuildThisFileDirectory)Observers\DataChannelObserver.cpp">
      <Filter>Observers</Filter>
    </ClCompile>
    <ClCompile Include="$(MSBuildThisFileDirectory)RtcDataChannel.cpp" />
    <ClCompile Include="$(MSBuildThisFileDirectory)RtcIceTransport.cpp" />
    <ClCompile Include="$(MSBuildThisFileDirectory)Media\MediaDevices.cpp">
      <Filter>Media</Filter>
    </ClCompile>
    <ClCompile Include="$(MSBuildThisFileDirectory)Media\MediaDevicesFactory.cpp">
      <Filter>Media</Filter>
    </ClCompile>
    <ClCompile Include="$(MSBuildThisFileDirectory)RtcPeerConnection.cpp" />
    <ClCompile Include="$(MSBuildThisFileDirectory)RtcPeerConnectionFactory.cpp" />
    <ClCompile Include="$(MSBuildThisFileDirectory)CameraVideoSource.cpp" />
    <ClCompile Include="$(MSBuildThisFileDirectory)Logging\WebRtcLogSink.cpp">
      <Filter>Logging</Filter>
    </ClCompile>
  </ItemGroup>
  <ItemGroup>
    <ClInclude Include="$(MSBuildThisFileDirectory)pch.h" />
    <ClInclude Include="$(MSBuildThisFileDirectory)Logging\InteropHResult.h">
      <Filter>Logging</Filter>
    </ClInclude>
    <ClInclude Include="$(MSBuildThisFileDirectory)ManagedScopedRefPtr.h" />
    <ClInclude Include="$(MSBuildThisFileDirectory)Marshaling\MarshalCollections.h">
      <Filter>Marshaling</Filter>
    </ClInclude>
    <ClInclude Include="$(MSBuildThisFileDirectory)Marshaling\MarshalDataChannel.h">
      <Filter>Marshaling</Filter>
    </ClInclude>
    <ClInclude Include="$(MSBuildThisFileDirectory)Marshaling\MarshalEnums.h">
      <Filter>Marshaling</Filter>
    </ClInclude>
    <ClInclude Include="$(MSBuildThisFileDirectory)Marshaling\MarshalIceTransport.h">
      <Filter>Marshaling</Filter>
    </ClInclude>
    <ClInclude Include="$(MSBuildThisFileDirectory)Marshaling\MarshalNullable.h">
      <Filter>Marshaling</Filter>
    </ClInclude>
    <ClInclude Include="$(MSBuildThisFileDirectory)Media\Marshaling\MarshalMedia.h">
      <Filter>Media\Marshaling</Filter>
    </ClInclude>
    <ClInclude Include="$(MSBuildThisFileDirectory)Media\MediaStream.h">
      <Filter>Media</Filter>
    </ClInclude>
    <ClInclude Include="$(MSBuildThisFileDirectory)Media\MediaStreamTrack.h">
      <Filter>Media</Filter>
    </ClInclude>
    <ClInclude Include="$(MSBuildThisFileDirectory)NativeWrapper.h" />
    <ClInclude Include="$(MSBuildThisFileDirectory)Observers\DataChannelObserver.h">
      <Filter>Observers</Filter>
    </ClInclude>
    <ClInclude Include="$(MSBuildThisFileDirectory)Resource.h" />
    <ClInclude Include="$(MSBuildThisFileDirectory)RtcDataChannel.h" />
    <ClInclude Include="$(MSBuildThisFileDirectory)RtcIceTransport.h" />
    <ClInclude Include="$(MSBuildThisFileDirectory)Media\MediaDevices.h">
      <Filter>Media</Filter>
    </ClInclude>
    <ClInclude Include="$(MSBuildThisFileDirectory)Media\MediaDevicesFactory.h">
      <Filter>Media</Filter>
    </ClInclude>
    <ClInclude Include="$(MSBuildThisFileDirectory)RtcPeerConnection.h" />
    <ClInclude Include="$(MSBuildThisFileDirectory)RtcPeerConnectionFactory.h" />
    <ClInclude Include="$(MSBuildThisFileDirectory)CameraVideoSource.h" />
    <ClInclude Include="$(MSBuildThisFileDirectory)Logging\Marshaling\MarshalLogging.h">
      <Filter>Logging\Marshaling</Filter>
    </ClInclude>
    <ClInclude Include="$(MSBuildThisFileDirectory)Logging\WebRtcLogSink.h">
      <Filter>Logging</Filter>
    </ClInclude>
  </ItemGroup>
</Project>